<?xml version="1.0" encoding="utf-8"?>
<Project ToolsVersion="4.0" xmlns="http://schemas.microsoft.com/developer/msbuild/2003">
  <ItemGroup>
    <ClInclude Include="pch.h" />
    <ClInclude Include="RapidXML\rapidxml.hpp" />
    <ClInclude Include="RapidXML\rapidxml_iterators.hpp" />
    <ClInclude Include="RapidXML\rapidxml_print.hpp" />
    <ClInclude Include="RapidXML\rapidxml_utils.hpp" />
    <ClInclude Include="Types.h" />
    <ClInclude Include="UTF8.h" />
    <ClInclude Include="Util.h" />
    <ClInclude Include="RapidXML\xml_util.h" />
  </ItemGroup>
  <ItemGroup>
    <ClCompile Include="main.cpp" />
    <ClCompile Include="pch.cpp" />
    <ClCompile Include="UTF8.cpp" />
    <ClCompile Include="Util64.cpp" />
    <ClCompile Include="RapidXML\xml_util.cpp" />
  </ItemGroup>
</Project>